
Microsoft Visual Studio Solution File, Format Version 12.00
# Visual Studio Version 16
VisualStudioVersion = 16.0.30406.217
MinimumVisualStudioVersion = 10.0.40219.1
Project("{FAE04EC0-301F-11D3-BF4B-00C04F79EFBC}") = "ArtigoIMemoryCache.API", "ArtigoIMemoryCache.API\ArtigoIMemoryCache.API.csproj", "{93F66813-699A-4582-ADD2-A72E63C99C17}"
EndProject
Global
	GlobalSection(SolutionConfigurationPlatforms) = preSolution
		Debug|Any CPU = Debug|Any CPU
		Release|Any CPU = Release|Any CPU
	EndGlobalSection
	GlobalSection(ProjectConfigurationPlatforms) = postSolution
		{93F66813-699A-4582-ADD2-A72E63C99C17}.Debug|Any CPU.ActiveCfg = Debug|Any CPU
		{93F66813-699A-4582-ADD2-A72E63C99C17}.Debug|Any CPU.Build.0 = Debug|Any CPU
		{93F66813-699A-4582-ADD2-A72E63C99C17}.Release|Any CPU.ActiveCfg = Release|Any CPU
		{93F66813-699A-4582-ADD2-A72E63C99C17}.Release|Any CPU.Build.0 = Release|Any CPU
	EndGlobalSection
	GlobalSection(SolutionProperties) = preSolution
		HideSolutionNode = FALSE
	EndGlobalSection
	GlobalSection(ExtensibilityGlobals) = postSolution
		SolutionGuid = {8B84AF60-C18C-4570-857B-037E977163A8}
	EndGlobalSection
EndGlobal
